
Microsoft Visual Studio Solution File, Format Version 12.00
# Visual Studio Version 17
VisualStudioVersion = 17.0.32112.339
MinimumVisualStudioVersion = 10.0.40219.1
Project("{FAE04EC0-301F-11D3-BF4B-00C04F79EFBC}") = "AssNo14ClassLibrary-CSI124", "AssNo14ClassLibrary-CSI124\AssNo14ClassLibrary-CSI124.csproj", "{FC65F2FB-B300-497F-B5A5-ACA2917337ED}"
EndProject
Global
	GlobalSection(SolutionConfigurationPlatforms) = preSolution
		Debug|Any CPU = Debug|Any CPU
		Release|Any CPU = Release|Any CPU
	EndGlobalSection
	GlobalSection(ProjectConfigurationPlatforms) = postSolution
		{FC65F2FB-B300-497F-B5A5-ACA2917337ED}.Debug|Any CPU.ActiveCfg = Debug|Any CPU
		{FC65F2FB-B300-497F-B5A5-ACA2917337ED}.Debug|Any CPU.Build.0 = Debug|Any CPU
		{FC65F2FB-B300-497F-B5A5-ACA2917337ED}.Release|Any CPU.ActiveCfg = Release|Any CPU
		{FC65F2FB-B300-497F-B5A5-ACA2917337ED}.Release|Any CPU.Build.0 = Release|Any CPU
	EndGlobalSection
	GlobalSection(SolutionProperties) = preSolution
		HideSolutionNode = FALSE
	EndGlobalSection
	GlobalSection(ExtensibilityGlobals) = postSolution
		SolutionGuid = {A5FBF659-32A9-4A99-BC3E-E34E48E962F9}
	EndGlobalSection
EndGlobal
